// !$*UTF8*$!
{
	archiveVersion = 1;
	classes = {
	};
	objectVersion = 46;
	objects = {

/* Begin PBXBuildFile section */
		BA1A2EC51EEB7371001D6BD3 /* FPIApp.m in Sources */ = {isa = PBXBuildFile; fileRef = BA1A2EC41EEB7371001D6BD3 /* FPIApp.m */; };
		BA308AE51EE4A8D400F407D4 /* FPISystem.m in Sources */ = {isa = PBXBuildFile; fileRef = BA308AE41EE4A8D400F407D4 /* FPISystem.m */; };
		BA308AE81EE4C11000F407D4 /* FPIBattery.m in Sources */ = {isa = PBXBuildFile; fileRef = BA308AE71EE4C11000F407D4 /* FPIBattery.m */; };
		BA308AEB1EE4C5DC00F407D4 /* FPIStatusBar.m in Sources */ = {isa = PBXBuildFile; fileRef = BA308AEA1EE4C5DC00F407D4 /* FPIStatusBar.m */; };
		BA308AEE1EE4CBEF00F407D4 /* FPISwitcher.m in Sources */ = {isa = PBXBuildFile; fileRef = BA308AED1EE4CBEF00F407D4 /* FPISwitcher.m */; };
		BA308AF11EE4D04600F407D4 /* FPIApps.m in Sources */ = {isa = PBXBuildFile; fileRef = BA308AF01EE4D04600F407D4 /* FPIApps.m */; };
		BA308AF41EE4D54700F407D4 /* FPIMusic.m in Sources */ = {isa = PBXBuildFile; fileRef = BA308AF31EE4D54700F407D4 /* FPIMusic.m */; };
		BA308AF71EE4DB0F00F407D4 /* FPIWeather.m in Sources */ = {isa = PBXBuildFile; fileRef = BA308AF61EE4DB0F00F407D4 /* FPIWeather.m */; };
		BA308AFA1EE4E1C000F407D4 /* FPINotifications.m in Sources */ = {isa = PBXBuildFile; fileRef = BA308AF91EE4E1C000F407D4 /* FPINotifications.m */; };
		BA308AFD1EE5011500F407D4 /* CoreFoundation.framework in Frameworks */ = {isa = PBXBuildFile; fileRef = BA308AFC1EE5011500F407D4 /* CoreFoundation.framework */; };
		BA308B001EE50EB000F407D4 /* FPIFolders.m in Sources */ = {isa = PBXBuildFile; fileRef = BA308AFF1EE50EB000F407D4 /* FPIFolders.m */; };
		BA308B031EE52E4300F407D4 /* FPIAlarm.m in Sources */ = {isa = PBXBuildFile; fileRef = BA308B021EE52E4300F407D4 /* FPIAlarm.m */; };
		BA64F0371EF866C90037EB68 /* FPIMemory.m in Sources */ = {isa = PBXBuildFile; fileRef = BA64F0361EF866C90037EB68 /* FPIMemory.m */; };
		BAF296071ED1FA4D009C6439 /* FrontPageViewController.m in Sources */ = {isa = PBXBuildFile; fileRef = BAF296061ED1FA4D009C6439 /* FrontPageViewController.m */; };
/* End PBXBuildFile section */

/* Begin PBXFileReference section */
		BA1A2EC31EEB7371001D6BD3 /* FPIApp.h */ = {isa = PBXFileReference; fileEncoding = 4; lastKnownFileType = sourcecode.c.h; path = FPIApp.h; sourceTree = "<group>"; };
		BA1A2EC41EEB7371001D6BD3 /* FPIApp.m */ = {isa = PBXFileReference; fileEncoding = 4; lastKnownFileType = sourcecode.c.objc; path = FPIApp.m; sourceTree = "<group>"; };
		BA308AE31EE4A8D400F407D4 /* FPISystem.h */ = {isa = PBXFileReference; fileEncoding = 4; lastKnownFileType = sourcecode.c.h; path = FPISystem.h; sourceTree = "<group>"; };
		BA308AE41EE4A8D400F407D4 /* FPISystem.m */ = {isa = PBXFileReference; fileEncoding = 4; lastKnownFileType = sourcecode.c.objc; path = FPISystem.m; sourceTree = "<group>"; };
		BA308AE61EE4C11000F407D4 /* FPIBattery.h */ = {isa = PBXFileReference; fileEncoding = 4; lastKnownFileType = sourcecode.c.h; path = FPIBattery.h; sourceTree = "<group>"; };
		BA308AE71EE4C11000F407D4 /* FPIBattery.m */ = {isa = PBXFileReference; fileEncoding = 4; lastKnownFileType = sourcecode.c.objc; path = FPIBattery.m; sourceTree = "<group>"; };
		BA308AE91EE4C5DC00F407D4 /* FPIStatusBar.h */ = {isa = PBXFileReference; fileEncoding = 4; lastKnownFileType = sourcecode.c.h; path = FPIStatusBar.h; sourceTree = "<group>"; };
		BA308AEA1EE4C5DC00F407D4 /* FPIStatusBar.m */ = {isa = PBXFileReference; fileEncoding = 4; lastKnownFileType = sourcecode.c.objc; path = FPIStatusBar.m; sourceTree = "<group>"; };
		BA308AEC1EE4CBEF00F407D4 /* FPISwitcher.h */ = {isa = PBXFileReference; fileEncoding = 4; lastKnownFileType = sourcecode.c.h; path = FPISwitcher.h; sourceTree = "<group>"; };
		BA308AED1EE4CBEF00F407D4 /* FPISwitcher.m */ = {isa = PBXFileReference; fileEncoding = 4; lastKnownFileType = sourcecode.c.objc; path = FPISwitcher.m; sourceTree = "<group>"; };
		BA308AEF1EE4D04600F407D4 /* FPIApps.h */ = {isa = PBXFileReference; fileEncoding = 4; lastKnownFileType = sourcecode.c.h; path = FPIApps.h; sourceTree = "<group>"; };
		BA308AF01EE4D04600F407D4 /* FPIApps.m */ = {isa = PBXFileReference; fileEncoding = 4; lastKnownFileType = sourcecode.c.objc; path = FPIApps.m; sourceTree = "<group>"; };
		BA308AF21EE4D54700F407D4 /* FPIMusic.h */ = {isa = PBXFileReference; fileEncoding = 4; lastKnownFileType = sourcecode.c.h; path = FPIMusic.h; sourceTree = "<group>"; };
		BA308AF31EE4D54700F407D4 /* FPIMusic.m */ = {isa = PBXFileReference; fileEncoding = 4; lastKnownFileType = sourcecode.c.objc; path = FPIMusic.m; sourceTree = "<group>"; };
		BA308AF51EE4DB0F00F407D4 /* FPIWeather.h */ = {isa = PBXFileReference; fileEncoding = 4; lastKnownFileType = sourcecode.c.h; path = FPIWeather.h; sourceTree = "<group>"; };
		BA308AF61EE4DB0F00F407D4 /* FPIWeather.m */ = {isa = PBXFileReference; fileEncoding = 4; lastKnownFileType = sourcecode.c.objc; path = FPIWeather.m; sourceTree = "<group>"; };
		BA308AF81EE4E1C000F407D4 /* FPINotifications.h */ = {isa = PBXFileReference; fileEncoding = 4; lastKnownFileType = sourcecode.c.h; path = FPINotifications.h; sourceTree = "<group>"; };
		BA308AF91EE4E1C000F407D4 /* FPINotifications.m */ = {isa = PBXFileReference; fileEncoding = 4; lastKnownFileType = sourcecode.c.objc; path = FPINotifications.m; sourceTree = "<group>"; };
		BA308AFC1EE5011500F407D4 /* CoreFoundation.framework */ = {isa = PBXFileReference; lastKnownFileType = wrapper.framework; name = CoreFoundation.framework; path = System/Library/Frameworks/CoreFoundation.framework; sourceTree = SDKROOT; };
		BA308AFE1EE50EB000F407D4 /* FPIFolders.h */ = {isa = PBXFileReference; fileEncoding = 4; lastKnownFileType = sourcecode.c.h; path = FPIFolders.h; sourceTree = "<group>"; };
		BA308AFF1EE50EB000F407D4 /* FPIFolders.m */ = {isa = PBXFileReference; fileEncoding = 4; lastKnownFileType = sourcecode.c.objc; path = FPIFolders.m; sourceTree = "<group>"; };
		BA308B011EE52E4300F407D4 /* FPIAlarm.h */ = {isa = PBXFileReference; fileEncoding = 4; lastKnownFileType = sourcecode.c.h; path = FPIAlarm.h; sourceTree = "<group>"; };
		BA308B021EE52E4300F407D4 /* FPIAlarm.m */ = {isa = PBXFileReference; fileEncoding = 4; lastKnownFileType = sourcecode.c.objc; path = FPIAlarm.m; sourceTree = "<group>"; };
		BA64F0351EF866C90037EB68 /* FPIMemory.h */ = {isa = PBXFileReference; fileEncoding = 4; lastKnownFileType = sourcecode.c.h; path = FPIMemory.h; sourceTree = "<group>"; };
		BA64F0361EF866C90037EB68 /* FPIMemory.m */ = {isa = PBXFileReference; fileEncoding = 4; lastKnownFileType = sourcecode.c.objc; path = FPIMemory.m; sourceTree = "<group>"; };
		BA7515C71ED4A807002E48E0 /* Weather.h */ = {isa = PBXFileReference; lastKnownFileType = sourcecode.c.h; path = Weather.h; sourceTree = "<group>"; };
		BAE31C291EDDCEBB00E3B668 /* MediaRemote.h */ = {isa = PBXFileReference; lastKnownFileType = sourcecode.c.h; path = MediaRemote.h; sourceTree = "<group>"; };
		BAE31C2A1EDDF9B000E3B668 /* substrate.h */ = {isa = PBXFileReference; lastKnownFileType = sourcecode.c.h; path = substrate.h; sourceTree = "<group>"; };
		BAF295FC1ED1F9F8009C6439 /* FrontPageViewController.bundle */ = {isa = PBXFileReference; explicitFileType = wrapper.cfbundle; includeInIndex = 0; path = FrontPageViewController.bundle; sourceTree = BUILT_PRODUCTS_DIR; };
		BAF295FF1ED1F9F8009C6439 /* Info.plist */ = {isa = PBXFileReference; lastKnownFileType = text.plist.xml; path = Info.plist; sourceTree = "<group>"; };
		BAF296051ED1FA4D009C6439 /* FrontPageViewController.h */ = {isa = PBXFileReference; fileEncoding = 4; lastKnownFileType = sourcecode.c.h; path = FrontPageViewController.h; sourceTree = "<group>"; };
		BAF296061ED1FA4D009C6439 /* FrontPageViewController.m */ = {isa = PBXFileReference; fileEncoding = 4; lastKnownFileType = sourcecode.c.objc; path = FrontPageViewController.m; sourceTree = "<group>"; };
/* End PBXFileReference section */

/* Begin PBXFrameworksBuildPhase section */
		BAF295F91ED1F9F8009C6439 /* Frameworks */ = {
			isa = PBXFrameworksBuildPhase;
			buildActionMask = 2147483647;
			files = (
				BA308AFD1EE5011500F407D4 /* CoreFoundation.framework in Frameworks */,
			);
			runOnlyForDeploymentPostprocessing = 0;
		};
/* End PBXFrameworksBuildPhase section */

/* Begin PBXGroup section */
		BA308AFB1EE5011400F407D4 /* Frameworks */ = {
			isa = PBXGroup;
			children = (
				BA308AFC1EE5011500F407D4 /* CoreFoundation.framework */,
			);
			name = Frameworks;
			sourceTree = "<group>";
		};
		BAF295F31ED1F9F8009C6439 = {
			isa = PBXGroup;
			children = (
				BAF295FE1ED1F9F8009C6439 /* FrontPageViewController */,
				BAF295FD1ED1F9F8009C6439 /* Products */,
				BA308AFB1EE5011400F407D4 /* Frameworks */,
			);
			sourceTree = "<group>";
		};
		BAF295FD1ED1F9F8009C6439 /* Products */ = {
			isa = PBXGroup;
			children = (
				BAF295FC1ED1F9F8009C6439 /* FrontPageViewController.bundle */,
			);
			name = Products;
			sourceTree = "<group>";
		};
		BAF295FE1ED1F9F8009C6439 /* FrontPageViewController */ = {
			isa = PBXGroup;
			children = (
				BAF295FF1ED1F9F8009C6439 /* Info.plist */,
				BAF296051ED1FA4D009C6439 /* FrontPageViewController.h */,
				BA7515C71ED4A807002E48E0 /* Weather.h */,
				BAF296061ED1FA4D009C6439 /* FrontPageViewController.m */,
				BA64F0351EF866C90037EB68 /* FPIMemory.h */,
				BA64F0361EF866C90037EB68 /* FPIMemory.m */,
				BA308B011EE52E4300F407D4 /* FPIAlarm.h */,
				BA308B021EE52E4300F407D4 /* FPIAlarm.m */,
				BA308AFE1EE50EB000F407D4 /* FPIFolders.h */,
				BA308AFF1EE50EB000F407D4 /* FPIFolders.m */,
				BA308AF81EE4E1C000F407D4 /* FPINotifications.h */,
				BA308AF91EE4E1C000F407D4 /* FPINotifications.m */,
				BA308AF51EE4DB0F00F407D4 /* FPIWeather.h */,
				BA308AF61EE4DB0F00F407D4 /* FPIWeather.m */,
				BA308AF21EE4D54700F407D4 /* FPIMusic.h */,
				BA308AF31EE4D54700F407D4 /* FPIMusic.m */,
				BA308AEF1EE4D04600F407D4 /* FPIApps.h */,
				BA308AF01EE4D04600F407D4 /* FPIApps.m */,
				BA1A2EC31EEB7371001D6BD3 /* FPIApp.h */,
				BA1A2EC41EEB7371001D6BD3 /* FPIApp.m */,
				BA308AEC1EE4CBEF00F407D4 /* FPISwitcher.h */,
				BA308AED1EE4CBEF00F407D4 /* FPISwitcher.m */,
				BA308AE31EE4A8D400F407D4 /* FPISystem.h */,
				BA308AE41EE4A8D400F407D4 /* FPISystem.m */,
				BA308AE91EE4C5DC00F407D4 /* FPIStatusBar.h */,
				BA308AEA1EE4C5DC00F407D4 /* FPIStatusBar.m */,
				BA308AE61EE4C11000F407D4 /* FPIBattery.h */,
				BA308AE71EE4C11000F407D4 /* FPIBattery.m */,
				BAE31C2A1EDDF9B000E3B668 /* substrate.h */,
				BAE31C291EDDCEBB00E3B668 /* MediaRemote.h */,
			);
			path = FrontPageViewController;
			sourceTree = "<group>";
		};
/* End PBXGroup section */

/* Begin PBXNativeTarget section */
		BAF295FB1ED1F9F8009C6439 /* FrontPageViewController */ = {
			isa = PBXNativeTarget;
			buildConfigurationList = BAF296021ED1F9F8009C6439 /* Build configuration list for PBXNativeTarget "FrontPageViewController" */;
			buildPhases = (
				BAF295F81ED1F9F8009C6439 /* Sources */,
				BAF295F91ED1F9F8009C6439 /* Frameworks */,
				BAF295FA1ED1F9F8009C6439 /* Resources */,
			);
			buildRules = (
			);
			dependencies = (
			);
			name = FrontPageViewController;
			productName = FrontPageViewController;
			productReference = BAF295FC1ED1F9F8009C6439 /* FrontPageViewController.bundle */;
			productType = "com.apple.product-type.bundle";
		};
/* End PBXNativeTarget section */

/* Begin PBXProject section */
		BAF295F41ED1F9F8009C6439 /* Project object */ = {
			isa = PBXProject;
			attributes = {
				LastUpgradeCheck = 0830;
				ORGANIZATIONNAME = junesiphone;
				TargetAttributes = {
					BAF295FB1ED1F9F8009C6439 = {
						CreatedOnToolsVersion = 8.3.2;
						DevelopmentTeam = PJ68SD7J5J;
						ProvisioningStyle = Automatic;
					};
				};
			};
			buildConfigurationList = BAF295F71ED1F9F8009C6439 /* Build configuration list for PBXProject "FrontPageViewController" */;
			compatibilityVersion = "Xcode 3.2";
			developmentRegion = English;
			hasScannedForEncodings = 0;
			knownRegions = (
				en,
			);
			mainGroup = BAF295F31ED1F9F8009C6439;
			productRefGroup = BAF295FD1ED1F9F8009C6439 /* Products */;
			projectDirPath = "";
			projectRoot = "";
			targets = (
				BAF295FB1ED1F9F8009C6439 /* FrontPageViewController */,
			);
		};
/* End PBXProject section */

/* Begin PBXResourcesBuildPhase section */
		BAF295FA1ED1F9F8009C6439 /* Resources */ = {
			isa = PBXResourcesBuildPhase;
			buildActionMask = 2147483647;
			files = (
			);
			runOnlyForDeploymentPostprocessing = 0;
		};
/* End PBXResourcesBuildPhase section */

/* Begin PBXSourcesBuildPhase section */
		BAF295F81ED1F9F8009C6439 /* Sources */ = {
			isa = PBXSourcesBuildPhase;
			buildActionMask = 2147483647;
			files = (
				BA308AE81EE4C11000F407D4 /* FPIBattery.m in Sources */,
				BA308B001EE50EB000F407D4 /* FPIFolders.m in Sources */,
				BA308AF41EE4D54700F407D4 /* FPIMusic.m in Sources */,
				BA308AEB1EE4C5DC00F407D4 /* FPIStatusBar.m in Sources */,
				BA308AEE1EE4CBEF00F407D4 /* FPISwitcher.m in Sources */,
				BA308AE51EE4A8D400F407D4 /* FPISystem.m in Sources */,
				BAF296071ED1FA4D009C6439 /* FrontPageViewController.m in Sources */,
				BA64F0371EF866C90037EB68 /* FPIMemory.m in Sources */,
				BA308B031EE52E4300F407D4 /* FPIAlarm.m in Sources */,
				BA308AF71EE4DB0F00F407D4 /* FPIWeather.m in Sources */,
				BA308AFA1EE4E1C000F407D4 /* FPINotifications.m in Sources */,
				BA308AF11EE4D04600F407D4 /* FPIApps.m in Sources */,
				BA1A2EC51EEB7371001D6BD3 /* FPIApp.m in Sources */,
			);
			runOnlyForDeploymentPostprocessing = 0;
		};
/* End PBXSourcesBuildPhase section */

/* Begin XCBuildConfiguration section */
		BAF296001ED1F9F8009C6439 /* Debug */ = {
			isa = XCBuildConfiguration;
			buildSettings = {
				ALWAYS_SEARCH_USER_PATHS = NO;
				CLANG_ANALYZER_NONNULL = YES;
				CLANG_ANALYZER_NUMBER_OBJECT_CONVERSION = YES_AGGRESSIVE;
				CLANG_CXX_LANGUAGE_STANDARD = "gnu++0x";
				CLANG_CXX_LIBRARY = "libc++";
				CLANG_ENABLE_MODULES = YES;
				CLANG_ENABLE_OBJC_ARC = YES;
				CLANG_WARN_BOOL_CONVERSION = YES;
				CLANG_WARN_CONSTANT_CONVERSION = YES;
				CLANG_WARN_DIRECT_OBJC_ISA_USAGE = YES_ERROR;
				CLANG_WARN_DOCUMENTATION_COMMENTS = YES;
				CLANG_WARN_EMPTY_BODY = YES;
				CLANG_WARN_ENUM_CONVERSION = YES;
				CLANG_WARN_INFINITE_RECURSION = YES;
				CLANG_WARN_INT_CONVERSION = YES;
				CLANG_WARN_OBJC_ROOT_CLASS = YES_ERROR;
				CLANG_WARN_SUSPICIOUS_MOVE = YES;
				CLANG_WARN_UNREACHABLE_CODE = YES;
				CLANG_WARN__DUPLICATE_METHOD_MATCH = YES;
				CODE_SIGN_IDENTITY = "-";
				COPY_PHASE_STRIP = NO;
				DEBUG_INFORMATION_FORMAT = dwarf;
				ENABLE_STRICT_OBJC_MSGSEND = YES;
				ENABLE_TESTABILITY = YES;
				GCC_C_LANGUAGE_STANDARD = gnu99;
				GCC_DYNAMIC_NO_PIC = NO;
				GCC_NO_COMMON_BLOCKS = YES;
				GCC_OPTIMIZATION_LEVEL = 0;
				GCC_PREPROCESSOR_DEFINITIONS = (
					"DEBUG=1",
					"$(inherited)",
				);
				GCC_WARN_64_TO_32_BIT_CONVERSION = YES;
				GCC_WARN_ABOUT_RETURN_TYPE = YES_ERROR;
				GCC_WARN_UNDECLARED_SELECTOR = YES;
				GCC_WARN_UNINITIALIZED_AUTOS = YES_AGGRESSIVE;
				GCC_WARN_UNUSED_FUNCTION = YES;
				GCC_WARN_UNUSED_VARIABLE = YES;
				MACOSX_DEPLOYMENT_TARGET = 10.12;
				MTL_ENABLE_DEBUG_INFO = YES;
				ONLY_ACTIVE_ARCH = YES;
				SDKROOT = iphoneos;
			};
			name = Debug;
		};
		BAF296011ED1F9F8009C6439 /* Release */ = {
			isa = XCBuildConfiguration;
			buildSettings = {
				ALWAYS_SEARCH_USER_PATHS = NO;
				CLANG_ANALYZER_NONNULL = YES;
				CLANG_ANALYZER_NUMBER_OBJECT_CONVERSION = YES_AGGRESSIVE;
				CLANG_CXX_LANGUAGE_STANDARD = "gnu++0x";
				CLANG_CXX_LIBRARY = "libc++";
				CLANG_ENABLE_MODULES = YES;
				CLANG_ENABLE_OBJC_ARC = YES;
				CLANG_WARN_BOOL_CONVERSION = YES;
				CLANG_WARN_CONSTANT_CONVERSION = YES;
				CLANG_WARN_DIRECT_OBJC_ISA_USAGE = YES_ERROR;
				CLANG_WARN_DOCUMENTATION_COMMENTS = YES;
				CLANG_WARN_EMPTY_BODY = YES;
				CLANG_WARN_ENUM_CONVERSION = YES;
				CLANG_WARN_INFINITE_RECURSION = YES;
				CLANG_WARN_INT_CONVERSION = YES;
				CLANG_WARN_OBJC_ROOT_CLASS = YES_ERROR;
				CLANG_WARN_SUSPICIOUS_MOVE = YES;
				CLANG_WARN_UNREACHABLE_CODE = YES;
				CLANG_WARN__DUPLICATE_METHOD_MATCH = YES;
				CODE_SIGN_IDENTITY = "-";
				COPY_PHASE_STRIP = NO;
				DEBUG_INFORMATION_FORMAT = "dwarf-with-dsym";
				ENABLE_NS_ASSERTIONS = NO;
				ENABLE_STRICT_OBJC_MSGSEND = YES;
				GCC_C_LANGUAGE_STANDARD = gnu99;
				GCC_NO_COMMON_BLOCKS = YES;
				GCC_WARN_64_TO_32_BIT_CONVERSION = YES;
				GCC_WARN_ABOUT_RETURN_TYPE = YES_ERROR;
				GCC_WARN_UNDECLARED_SELECTOR = YES;
				GCC_WARN_UNINITIALIZED_AUTOS = YES_AGGRESSIVE;
				GCC_WARN_UNUSED_FUNCTION = YES;
				GCC_WARN_UNUSED_VARIABLE = YES;
				MACOSX_DEPLOYMENT_TARGET = 10.12;
				MTL_ENABLE_DEBUG_INFO = NO;
				SDKROOT = iphoneos;
			};
			name = Release;
		};
		BAF296031ED1F9F8009C6439 /* Debug */ = {
			isa = XCBuildConfiguration;
			buildSettings = {
				COMBINE_HIDPI_IMAGES = YES;
				DEVELOPMENT_TEAM = PJ68SD7J5J;
				ENABLE_BITCODE = NO;
				INFOPLIST_FILE = FrontPageViewController/Info.plist;
				INSTALL_PATH = "$(LOCAL_LIBRARY_DIR)/Bundles";
				IPHONEOS_DEPLOYMENT_TARGET = 8.0;
				PRODUCT_BUNDLE_IDENTIFIER = com.junesiphone.FrontPageViewController;
				PRODUCT_NAME = "$(TARGET_NAME)";
				SDKROOT = iphoneos10.3;
				SKIP_INSTALL = YES;
				VALID_ARCHS = "armv7 arm64 armv7s";
				WRAPPER_EXTENSION = bundle;
			};
			name = Debug;
		};
		BAF296041ED1F9F8009C6439 /* Release */ = {
			isa = XCBuildConfiguration;
			buildSettings = {
				COMBINE_HIDPI_IMAGES = YES;
				DEVELOPMENT_TEAM = PJ68SD7J5J;
				ENABLE_BITCODE = NO;
				INFOPLIST_FILE = FrontPageViewController/Info.plist;
				INSTALL_PATH = "$(LOCAL_LIBRARY_DIR)/Bundles";
				IPHONEOS_DEPLOYMENT_TARGET = 8.0;
				PRODUCT_BUNDLE_IDENTIFIER = com.junesiphone.FrontPageViewController;
				PRODUCT_NAME = "$(TARGET_NAME)";
				SDKROOT = iphoneos10.3;
				SKIP_INSTALL = YES;
				VALID_ARCHS = "armv7 arm64 armv7s";
				WRAPPER_EXTENSION = bundle;
			};
			name = Release;
		};
/* End XCBuildConfiguration section */

/* Begin XCConfigurationList section */
		BAF295F71ED1F9F8009C6439 /* Build configuration list for PBXProject "FrontPageViewController" */ = {
			isa = XCConfigurationList;
			buildConfigurations = (
				BAF296001ED1F9F8009C6439 /* Debug */,
				BAF296011ED1F9F8009C6439 /* Release */,
			);
			defaultConfigurationIsVisible = 0;
			defaultConfigurationName = Release;
		};
		BAF296021ED1F9F8009C6439 /* Build configuration list for PBXNativeTarget "FrontPageViewController" */ = {
			isa = XCConfigurationList;
			buildConfigurations = (
				BAF296031ED1F9F8009C6439 /* Debug */,
				BAF296041ED1F9F8009C6439 /* Release */,
			);
			defaultConfigurationIsVisible = 0;
			defaultConfigurationName = Release;
		};
/* End XCConfigurationList section */
	};
	rootObject = BAF295F41ED1F9F8009C6439 /* Project object */;
}
